
Microsoft Visual Studio Solution File, Format Version 12.00
# Visual Studio Express 2013 for Windows Desktop
VisualStudioVersion = 12.0.30501.0
MinimumVisualStudioVersion = 10.0.40219.1
Project("{FAE04EC0-301F-11D3-BF4B-00C04F79EFBC}") = "OldMaidWpf", "OldMaidWpf\OldMaidWpf.csproj", "{42091C9C-D025-4A51-8CFD-6BFDB565F093}"
	ProjectSection(ProjectDependencies) = postProject
		{80455EFF-A5DE-407D-9E83-D510CCC5F5B7} = {80455EFF-A5DE-407D-9E83-D510CCC5F5B7}
	EndProjectSection
EndProject
Project("{FAE04EC0-301F-11D3-BF4B-00C04F79EFBC}") = "OldMaidModel", "OldMaidModel\OldMaidModel.csproj", "{80455EFF-A5DE-407D-9E83-D510CCC5F5B7}"
EndProject
Project("{FAE04EC0-301F-11D3-BF4B-00C04F79EFBC}") = "OldMaidConsole", "OldMaidConsole\OldMaidConsole.csproj", "{C85645A7-A6A5-4E77-87A0-3592EED31D05}"
	ProjectSection(ProjectDependencies) = postProject
		{80455EFF-A5DE-407D-9E83-D510CCC5F5B7} = {80455EFF-A5DE-407D-9E83-D510CCC5F5B7}
	EndProjectSection
EndProject
Global
	GlobalSection(SolutionConfigurationPlatforms) = preSolution
		Debug|Any CPU = Debug|Any CPU
		Release|Any CPU = Release|Any CPU
	EndGlobalSection
	GlobalSection(ProjectConfigurationPlatforms) = postSolution
		{42091C9C-D025-4A51-8CFD-6BFDB565F093}.Debug|Any CPU.ActiveCfg = Debug|Any CPU
		{42091C9C-D025-4A51-8CFD-6BFDB565F093}.Debug|Any CPU.Build.0 = Debug|Any CPU
		{42091C9C-D025-4A51-8CFD-6BFDB565F093}.Release|Any CPU.ActiveCfg = Release|Any CPU
		{42091C9C-D025-4A51-8CFD-6BFDB565F093}.Release|Any CPU.Build.0 = Release|Any CPU
		{80455EFF-A5DE-407D-9E83-D510CCC5F5B7}.Debug|Any CPU.ActiveCfg = Debug|Any CPU
		{80455EFF-A5DE-407D-9E83-D510CCC5F5B7}.Debug|Any CPU.Build.0 = Debug|Any CPU
		{80455EFF-A5DE-407D-9E83-D510CCC5F5B7}.Release|Any CPU.ActiveCfg = Release|Any CPU
		{80455EFF-A5DE-407D-9E83-D510CCC5F5B7}.Release|Any CPU.Build.0 = Release|Any CPU
		{C85645A7-A6A5-4E77-87A0-3592EED31D05}.Debug|Any CPU.ActiveCfg = Debug|Any CPU
		{C85645A7-A6A5-4E77-87A0-3592EED31D05}.Debug|Any CPU.Build.0 = Debug|Any CPU
		{C85645A7-A6A5-4E77-87A0-3592EED31D05}.Release|Any CPU.ActiveCfg = Release|Any CPU
		{C85645A7-A6A5-4E77-87A0-3592EED31D05}.Release|Any CPU.Build.0 = Release|Any CPU
	EndGlobalSection
	GlobalSection(SolutionProperties) = preSolution
		HideSolutionNode = FALSE
	EndGlobalSection
EndGlobal
